// !$*UTF8*$!
{
	archiveVersion = 1;
	classes = {
	};
	objectVersion = 77;
	objects = {

/* Begin PBXBuildFile section */
		3B610D982F87871E0073F6FA /* JYBLog in Frameworks */ = {isa = PBXBuildFile; productRef = 3B610D972F87871E0073F6FA /* JYBLog */; };
		3BA5FD192F67EC93006EFF57 /* ProjectCopyTool in Frameworks */ = {isa = PBXBuildFile; productRef = 3BA5FD182F67EC93006EFF57 /* ProjectCopyTool */; };
		3BA5FD1C2F67EDE2006EFF57 /* ProjectSwitchTool in Frameworks */ = {isa = PBXBuildFile; productRef = 3BA5FD1B2F67EDE2006EFF57 /* ProjectSwitchTool */; };
		3BA5FDD02F68F558006EFF57 /* BranchSwitch in Frameworks */ = {isa = PBXBuildFile; productRef = 3BA5FDD12F68F558006EFF57 /* BranchSwitch */; };
		3BA5FDD92F68F558006EFF57 /* Sparkle in Frameworks */ = {isa = PBXBuildFile; productRef = 3BA5FDD82F68F558006EFF57 /* Sparkle */; };
/* End PBXBuildFile section */

/* Begin PBXFileReference section */
		3BA5FCBC2F640351006EFF57 /* JYBToolApp.app */ = {isa = PBXFileReference; explicitFileType = wrapper.application; includeInIndex = 0; path = JYBToolApp.app; sourceTree = BUILT_PRODUCTS_DIR; };
		3BA5FD172F67EC8B006EFF57 /* ProjectCopyTool */ = {isa = PBXFileReference; lastKnownFileType = wrapper; path = ProjectCopyTool; sourceTree = "<group>"; };
		3BA5FD1A2F67EDD7006EFF57 /* ProjectSwitchTool */ = {isa = PBXFileReference; lastKnownFileType = wrapper; path = ProjectSwitchTool; sourceTree = "<group>"; };
		3BA5FDC22F68F558006EFF57 /* BranchSwitch */ = {isa = PBXFileReference; lastKnownFileType = wrapper; path = BranchSwitch; sourceTree = "<group>"; };
/* End PBXFileReference section */

/* Begin PBXFileSystemSynchronizedBuildFileExceptionSet section */
		3BA5FDDB2F68FC49006EFF57 /* Exceptions for "JYBToolApp" folder in "JYBToolApp" target */ = {
			isa = PBXFileSystemSynchronizedBuildFileExceptionSet;
			membershipExceptions = (
				Info.plist,
			);
			target = 3BA5FCBB2F640351006EFF57 /* JYBToolApp */;
		};
/* End PBXFileSystemSynchronizedBuildFileExceptionSet section */

/* Begin PBXFileSystemSynchronizedRootGroup section */
		3BA5FCBE2F640351006EFF57 /* JYBToolApp */ = {
			isa = PBXFileSystemSynchronizedRootGroup;
			exceptions = (
				3BA5FDDB2F68FC49006EFF57 /* Exceptions for "JYBToolApp" folder in "JYBToolApp" target */,
			);
			path = JYBToolApp;
			sourceTree = "<group>";
		};
/* End PBXFileSystemSynchronizedRootGroup section */

/* Begin PBXFrameworksBuildPhase section */
		3BA5FCB92F640351006EFF57 /* Frameworks */ = {
			isa = PBXFrameworksBuildPhase;
			buildActionMask = 2147483647;
			files = (
				3B610D982F87871E0073F6FA /* JYBLog in Frameworks */,
				3BA5FDD92F68F558006EFF57 /* Sparkle in Frameworks */,
				3BA5FD1C2F67EDE2006EFF57 /* ProjectSwitchTool in Frameworks */,
				3BA5FD192F67EC93006EFF57 /* ProjectCopyTool in Frameworks */,
				3BA5FDD02F68F558006EFF57 /* BranchSwitch in Frameworks */,
			);
			runOnlyForDeploymentPostprocessing = 0;
		};
/* End PBXFrameworksBuildPhase section */

/* Begin PBXGroup section */
		3BA5FCB32F640351006EFF57 = {
			isa = PBXGroup;
			children = (
				3BA5FD0F2F67DCDA006EFF57 /* Packages */,
				3BA5FCBE2F640351006EFF57 /* JYBToolApp */,
				3BA5FD122F67EA32006EFF57 /* Frameworks */,
				3BA5FCBD2F640351006EFF57 /* Products */,
			);
			sourceTree = "<group>";
		};
		3BA5FCBD2F640351006EFF57 /* Products */ = {
			isa = PBXGroup;
			children = (
				3BA5FCBC2F640351006EFF57 /* JYBToolApp.app */,
			);
			name = Products;
			sourceTree = "<group>";
		};
		3BA5FD0F2F67DCDA006EFF57 /* Packages */ = {
			isa = PBXGroup;
			children = (
				3BA5FD1A2F67EDD7006EFF57 /* ProjectSwitchTool */,
				3BA5FD172F67EC8B006EFF57 /* ProjectCopyTool */,
				3BA5FDC22F68F558006EFF57 /* BranchSwitch */,
			);
			path = Packages;
			sourceTree = "<group>";
		};
		3BA5FD122F67EA32006EFF57 /* Frameworks */ = {
			isa = PBXGroup;
			children = (
			);
			name = Frameworks;
			sourceTree = "<group>";
		};
/* End PBXGroup section */

/* Begin PBXNativeTarget section */
		3BA5FCBB2F640351006EFF57 /* JYBToolApp */ = {
			isa = PBXNativeTarget;
			buildConfigurationList = 3BA5FCC72F640354006EFF57 /* Build configuration list for PBXNativeTarget "JYBToolApp" */;
			buildPhases = (
				3BA5FCB82F640351006EFF57 /* Sources */,
				3BA5FCB92F640351006EFF57 /* Frameworks */,
				3BA5FCBA2F640351006EFF57 /* Resources */,
			);
			buildRules = (
			);
			dependencies = (
			);
			fileSystemSynchronizedGroups = (
				3BA5FCBE2F640351006EFF57 /* JYBToolApp */,
			);
			name = JYBToolApp;
			packageProductDependencies = (
				3BA5FD182F67EC93006EFF57 /* ProjectCopyTool */,
				3BA5FD1B2F67EDE2006EFF57 /* ProjectSwitchTool */,
				3BA5FDD82F68F558006EFF57 /* Sparkle */,
				3BA5FDD12F68F558006EFF57 /* BranchSwitch */,
				3B610D972F87871E0073F6FA /* JYBLog */,
			);
			productName = JYBToolApp;
			productReference = 3BA5FCBC2F640351006EFF57 /* JYBToolApp.app */;
			productType = "com.apple.product-type.application";
		};
/* End PBXNativeTarget section */

/* Begin PBXProject section */
		3BA5FCB42F640351006EFF57 /* Project object */ = {
			isa = PBXProject;
			attributes = {
				BuildIndependentTargetsInParallel = 1;
				LastSwiftUpdateCheck = 2620;
				LastUpgradeCheck = 2620;
				TargetAttributes = {
					3BA5FCBB2F640351006EFF57 = {
						CreatedOnToolsVersion = 26.2;
					};
				};
			};
			buildConfigurationList = 3BA5FCB72F640351006EFF57 /* Build configuration list for PBXProject "JYBToolApp" */;
			developmentRegion = en;
			hasScannedForEncodings = 0;
			knownRegions = (
				en,
				Base,
			);
			mainGroup = 3BA5FCB32F640351006EFF57;
			minimizedProjectReferenceProxies = 1;
			packageReferences = (
				3BA5FDD72F68F558006EFF57 /* XCRemoteSwiftPackageReference "Sparkle" */,
				3B610D962F87871E0073F6FA /* XCLocalSwiftPackageReference "Packages/JYBLog" */,
			);
			preferredProjectObjectVersion = 77;
			productRefGroup = 3BA5FCBD2F640351006EFF57 /* Products */;
			projectDirPath = "";
			projectRoot = "";
			targets = (
				3BA5FCBB2F640351006EFF57 /* JYBToolApp */,
			);
		};
/* End PBXProject section */

/* Begin PBXResourcesBuildPhase section */
		3BA5FCBA2F640351006EFF57 /* Resources */ = {
			isa = PBXResourcesBuildPhase;
			buildActionMask = 2147483647;
			files = (
			);
			runOnlyForDeploymentPostprocessing = 0;
		};
/* End PBXResourcesBuildPhase section */

/* Begin PBXSourcesBuildPhase section */
		3BA5FCB82F640351006EFF57 /* Sources */ = {
			isa = PBXSourcesBuildPhase;
			buildActionMask = 2147483647;
			files = (
			);
			runOnlyForDeploymentPostprocessing = 0;
		};
/* End PBXSourcesBuildPhase section */

/* Begin XCBuildConfiguration section */
		3BA5FCC52F640354006EFF57 /* Debug */ = {
			isa = XCBuildConfiguration;
			buildSettings = {
				ALWAYS_SEARCH_USER_PATHS = NO;
				ASSETCATALOG_COMPILER_GENERATE_SWIFT_ASSET_SYMBOL_EXTENSIONS = YES;
				CLANG_ANALYZER_NONNULL = YES;
				CLANG_ANALYZER_NUMBER_OBJECT_CONVERSION = YES_AGGRESSIVE;
				CLANG_CXX_LANGUAGE_STANDARD = "gnu++20";
				CLANG_ENABLE_MODULES = YES;
				CLANG_ENABLE_OBJC_ARC = YES;
				CLANG_ENABLE_OBJC_WEAK = YES;
				CLANG_WARN_BLOCK_CAPTURE_AUTORELEASING = YES;
				CLANG_WARN_BOOL_CONVERSION = YES;
				CLANG_WARN_COMMA = YES;
				CLANG_WARN_CONSTANT_CONVERSION = YES;
				CLANG_WARN_DEPRECATED_OBJC_IMPLEMENTATIONS = YES;
				CLANG_WARN_DIRECT_OBJC_ISA_USAGE = YES_ERROR;
				CLANG_WARN_DOCUMENTATION_COMMENTS = YES;
				CLANG_WARN_EMPTY_BODY = YES;
				CLANG_WARN_ENUM_CONVERSION = YES;
				CLANG_WARN_INFINITE_RECURSION = YES;
				CLANG_WARN_INT_CONVERSION = YES;
				CLANG_WARN_NON_LITERAL_NULL_CONVERSION = YES;
				CLANG_WARN_OBJC_IMPLICIT_RETAIN_SELF = YES;
				CLANG_WARN_OBJC_LITERAL_CONVERSION = YES;
				CLANG_WARN_OBJC_ROOT_CLASS = YES_ERROR;
				CLANG_WARN_QUOTED_INCLUDE_IN_FRAMEWORK_HEADER = YES;
				CLANG_WARN_RANGE_LOOP_ANALYSIS = YES;
				CLANG_WARN_STRICT_PROTOTYPES = YES;
				CLANG_WARN_SUSPICIOUS_MOVE = YES;
				CLANG_WARN_UNGUARDED_AVAILABILITY = YES_AGGRESSIVE;
				CLANG_WARN_UNREACHABLE_CODE = YES;
				CLANG_WARN__DUPLICATE_METHOD_MATCH = YES;
				COPY_PHASE_STRIP = NO;
				DEBUG_INFORMATION_FORMAT = dwarf;
				DEVELOPMENT_TEAM = 2HQ3E92U25;
				ENABLE_STRICT_OBJC_MSGSEND = YES;
				ENABLE_TESTABILITY = YES;
				ENABLE_USER_SCRIPT_SANDBOXING = YES;
				GCC_C_LANGUAGE_STANDARD = gnu17;
				GCC_DYNAMIC_NO_PIC = NO;
				GCC_NO_COMMON_BLOCKS = YES;
				GCC_OPTIMIZATION_LEVEL = 0;
				GCC_PREPROCESSOR_DEFINITIONS = (
					"DEBUG=1",
					"$(inherited)",
				);
				GCC_WARN_64_TO_32_BIT_CONVERSION = YES;
				GCC_WARN_ABOUT_RETURN_TYPE = YES_ERROR;
				GCC_WARN_UNDECLARED_SELECTOR = YES;
				GCC_WARN_UNINITIALIZED_AUTOS = YES_AGGRESSIVE;
				GCC_WARN_UNUSED_FUNCTION = YES;
				GCC_WARN_UNUSED_VARIABLE = YES;
				LOCALIZATION_PREFERS_STRING_CATALOGS = YES;
				MACOSX_DEPLOYMENT_TARGET = 26.0;
				MTL_ENABLE_DEBUG_INFO = INCLUDE_SOURCE;
				MTL_FAST_MATH = YES;
				ONLY_ACTIVE_ARCH = YES;
				SDKROOT = macosx;
				SWIFT_ACTIVE_COMPILATION_CONDITIONS = "DEBUG $(inherited)";
				SWIFT_OPTIMIZATION_LEVEL = "-Onone";
			};
			name = Debug;
		};
		3BA5FCC62F640354006EFF57 /* Release */ = {
			isa = XCBuildConfiguration;
			buildSettings = {
				ALWAYS_SEARCH_USER_PATHS = NO;
				ASSETCATALOG_COMPILER_GENERATE_SWIFT_ASSET_SYMBOL_EXTENSIONS = YES;
				CLANG_ANALYZER_NONNULL = YES;
				CLANG_ANALYZER_NUMBER_OBJECT_CONVERSION = YES_AGGRESSIVE;
				CLANG_CXX_LANGUAGE_STANDARD = "gnu++20";
				CLANG_ENABLE_MODULES = YES;
				CLANG_ENABLE_OBJC_ARC = YES;
				CLANG_ENABLE_OBJC_WEAK = YES;
				CLANG_WARN_BLOCK_CAPTURE_AUTORELEASING = YES;
				CLANG_WARN_BOOL_CONVERSION = YES;
				CLANG_WARN_COMMA = YES;
				CLANG_WARN_CONSTANT_CONVERSION = YES;
				CLANG_WARN_DEPRECATED_OBJC_IMPLEMENTATIONS = YES;
				CLANG_WARN_DIRECT_OBJC_ISA_USAGE = YES_ERROR;
				CLANG_WARN_DOCUMENTATION_COMMENTS = YES;
				CLANG_WARN_EMPTY_BODY = YES;
				CLANG_WARN_ENUM_CONVERSION = YES;
				CLANG_WARN_INFINITE_RECURSION = YES;
				CLANG_WARN_INT_CONVERSION = YES;
				CLANG_WARN_NON_LITERAL_NULL_CONVERSION = YES;
				CLANG_WARN_OBJC_IMPLICIT_RETAIN_SELF = YES;
				CLANG_WARN_OBJC_LITERAL_CONVERSION = YES;
				CLANG_WARN_OBJC_ROOT_CLASS = YES_ERROR;
				CLANG_WARN_QUOTED_INCLUDE_IN_FRAMEWORK_HEADER = YES;
				CLANG_WARN_RANGE_LOOP_ANALYSIS = YES;
				CLANG_WARN_STRICT_PROTOTYPES = YES;
				CLANG_WARN_SUSPICIOUS_MOVE = YES;
				CLANG_WARN_UNGUARDED_AVAILABILITY = YES_AGGRESSIVE;
				CLANG_WARN_UNREACHABLE_CODE = YES;
				CLANG_WARN__DUPLICATE_METHOD_MATCH = YES;
				COPY_PHASE_STRIP = NO;
				DEBUG_INFORMATION_FORMAT = "dwarf-with-dsym";
				DEVELOPMENT_TEAM = 2HQ3E92U25;
				ENABLE_NS_ASSERTIONS = NO;
				ENABLE_STRICT_OBJC_MSGSEND = YES;
				ENABLE_USER_SCRIPT_SANDBOXING = YES;
				GCC_C_LANGUAGE_STANDARD = gnu17;
				GCC_NO_COMMON_BLOCKS = YES;
				GCC_WARN_64_TO_32_BIT_CONVERSION = YES;
				GCC_WARN_ABOUT_RETURN_TYPE = YES_ERROR;
				GCC_WARN_UNDECLARED_SELECTOR = YES;
				GCC_WARN_UNINITIALIZED_AUTOS = YES_AGGRESSIVE;
				GCC_WARN_UNUSED_FUNCTION = YES;
				GCC_WARN_UNUSED_VARIABLE = YES;
				LOCALIZATION_PREFERS_STRING_CATALOGS = YES;
				MACOSX_DEPLOYMENT_TARGET = 26.0;
				MTL_ENABLE_DEBUG_INFO = NO;
				MTL_FAST_MATH = YES;
				SDKROOT = macosx;
				SWIFT_COMPILATION_MODE = wholemodule;
			};
			name = Release;
		};
		3BA5FCC82F640354006EFF57 /* Debug */ = {
			isa = XCBuildConfiguration;
			buildSettings = {
				ASSETCATALOG_COMPILER_APPICON_NAME = AppIcon;
				ASSETCATALOG_COMPILER_GLOBAL_ACCENT_COLOR_NAME = AccentColor;
				"CODE_SIGN_IDENTITY[sdk=macosx*]" = "Apple Development";
				CODE_SIGN_STYLE = Automatic;
				COMBINE_HIDPI_IMAGES = YES;
				CURRENT_PROJECT_VERSION = 20260423;
				DEVELOPMENT_TEAM = 8PJDZ77627;
				ENABLE_APP_SANDBOX = NO;
				ENABLE_HARDENED_RUNTIME = YES;
				ENABLE_PREVIEWS = YES;
				GENERATE_INFOPLIST_FILE = YES;
				INFOPLIST_FILE = JYBToolApp/Info.plist;
				INFOPLIST_KEY_NSHumanReadableCopyright = "";
				LD_RUNPATH_SEARCH_PATHS = (
					"$(inherited)",
					"@executable_path/../Frameworks",
				);
				MACOSX_DEPLOYMENT_TARGET = 14.6;
				MARKETING_VERSION = 1.2.1;
				PRODUCT_BUNDLE_IDENTIFIER = com.aaron.dev.JYBToolApp;
				PRODUCT_NAME = "$(TARGET_NAME)";
				REGISTER_APP_GROUPS = YES;
				STRING_CATALOG_GENERATE_SYMBOLS = YES;
				SWIFT_APPROACHABLE_CONCURRENCY = YES;
				SWIFT_DEFAULT_ACTOR_ISOLATION = MainActor;
				SWIFT_EMIT_LOC_STRINGS = YES;
				SWIFT_UPCOMING_FEATURE_MEMBER_IMPORT_VISIBILITY = YES;
				SWIFT_VERSION = 5.0;
			};
			name = Debug;
		};
		3BA5FCC92F640354006EFF57 /* Release */ = {
			isa = XCBuildConfiguration;
			buildSettings = {
				ASSETCATALOG_COMPILER_APPICON_NAME = AppIcon;
				ASSETCATALOG_COMPILER_GLOBAL_ACCENT_COLOR_NAME = AccentColor;
				"CODE_SIGN_IDENTITY[sdk=macosx*]" = "Apple Development";
				CODE_SIGN_STYLE = Automatic;
				COMBINE_HIDPI_IMAGES = YES;
				CURRENT_PROJECT_VERSION = 20260423;
				DEVELOPMENT_TEAM = 8PJDZ77627;
				ENABLE_APP_SANDBOX = NO;
				ENABLE_HARDENED_RUNTIME = YES;
				ENABLE_PREVIEWS = YES;
				GENERATE_INFOPLIST_FILE = YES;
				INFOPLIST_FILE = JYBToolApp/Info.plist;
				INFOPLIST_KEY_NSHumanReadableCopyright = "";
				LD_RUNPATH_SEARCH_PATHS = (
					"$(inherited)",
					"@executable_path/../Frameworks",
				);
				MACOSX_DEPLOYMENT_TARGET = 14.6;
				MARKETING_VERSION = 1.2.1;
				PRODUCT_BUNDLE_IDENTIFIER = com.aaron.dev.JYBToolApp;
				PRODUCT_NAME = "$(TARGET_NAME)";
				REGISTER_APP_GROUPS = YES;
				STRING_CATALOG_GENERATE_SYMBOLS = YES;
				SWIFT_APPROACHABLE_CONCURRENCY = YES;
				SWIFT_DEFAULT_ACTOR_ISOLATION = MainActor;
				SWIFT_EMIT_LOC_STRINGS = YES;
				SWIFT_UPCOMING_FEATURE_MEMBER_IMPORT_VISIBILITY = YES;
				SWIFT_VERSION = 5.0;
			};
			name = Release;
		};
/* End XCBuildConfiguration section */

/* Begin XCConfigurationList section */
		3BA5FCB72F640351006EFF57 /* Build configuration list for PBXProject "JYBToolApp" */ = {
			isa = XCConfigurationList;
			buildConfigurations = (
				3BA5FCC52F640354006EFF57 /* Debug */,
				3BA5FCC62F640354006EFF57 /* Release */,
			);
			defaultConfigurationIsVisible = 0;
			defaultConfigurationName = Release;
		};
		3BA5FCC72F640354006EFF57 /* Build configuration list for PBXNativeTarget "JYBToolApp" */ = {
			isa = XCConfigurationList;
			buildConfigurations = (
				3BA5FCC82F640354006EFF57 /* Debug */,
				3BA5FCC92F640354006EFF57 /* Release */,
			);
			defaultConfigurationIsVisible = 0;
			defaultConfigurationName = Release;
		};
/* End XCConfigurationList section */

/* Begin XCLocalSwiftPackageReference section */
		3B610D962F87871E0073F6FA /* XCLocalSwiftPackageReference "Packages/JYBLog" */ = {
			isa = XCLocalSwiftPackageReference;
			relativePath = Packages/JYBLog;
		};
/* End XCLocalSwiftPackageReference section */

/* Begin XCRemoteSwiftPackageReference section */
		3BA5FDD32F68F558006EFF57 /* XCRemoteSwiftPackageReference "BranchSwitch" */ = {
			isa = XCRemoteSwiftPackageReference;
			repositoryURL = "file:///Users/kim/Desktop/开发工具/JYBToolApp/Packages/BranchSwitch";
		};
		3BA5FDD72F68F558006EFF57 /* XCRemoteSwiftPackageReference "Sparkle" */ = {
			isa = XCRemoteSwiftPackageReference;
			repositoryURL = "https://github.com/sparkle-project/Sparkle";
			requirement = {
				kind = exactVersion;
				version = 2.9.0;
			};
		};
/* End XCRemoteSwiftPackageReference section */

/* Begin XCSwiftPackageProductDependency section */
		3B610D972F87871E0073F6FA /* JYBLog */ = {
			isa = XCSwiftPackageProductDependency;
			productName = JYBLog;
		};
		3BA5FD182F67EC93006EFF57 /* ProjectCopyTool */ = {
			isa = XCSwiftPackageProductDependency;
			productName = ProjectCopyTool;
		};
		3BA5FD1B2F67EDE2006EFF57 /* ProjectSwitchTool */ = {
			isa = XCSwiftPackageProductDependency;
			productName = ProjectSwitchTool;
		};
		3BA5FDD12F68F558006EFF57 /* BranchSwitch */ = {
			isa = XCSwiftPackageProductDependency;
			package = 3BA5FDD32F68F558006EFF57 /* XCRemoteSwiftPackageReference "BranchSwitch" */;
			productName = BranchSwitch;
		};
		3BA5FDD82F68F558006EFF57 /* Sparkle */ = {
			isa = XCSwiftPackageProductDependency;
			package = 3BA5FDD72F68F558006EFF57 /* XCRemoteSwiftPackageReference "Sparkle" */;
			productName = Sparkle;
		};
/* End XCSwiftPackageProductDependency section */
	};
	rootObject = 3BA5FCB42F640351006EFF57 /* Project object */;
}
